
Microsoft Visual Studio Solution File, Format Version 12.00
# Visual Studio 14
VisualStudioVersion = 14.0.25123.0
MinimumVisualStudioVersion = 10.0.40219.1
Project("{FAE04EC0-301F-11D3-BF4B-00C04F79EFBC}") = "SampleApp", "SampleApp\SampleApp.csproj", "{D03D6AB7-8239-4329-943B-0581B0A474B8}"
EndProject
Project("{FAE04EC0-301F-11D3-BF4B-00C04F79EFBC}") = "Test_SampleApp", "Test_SampleApp\Test_SampleApp.csproj", "{05DE9A85-7EF6-404F-BAAE-75944A4F2BCE}"
EndProject
Global
	GlobalSection(SolutionConfigurationPlatforms) = preSolution
		Debug|Any CPU = Debug|Any CPU
		Release|Any CPU = Release|Any CPU
	EndGlobalSection
	GlobalSection(ProjectConfigurationPlatforms) = postSolution
		{D03D6AB7-8239-4329-943B-0581B0A474B8}.Debug|Any CPU.ActiveCfg = Debug|Any CPU
		{D03D6AB7-8239-4329-943B-0581B0A474B8}.Debug|Any CPU.Build.0 = Debug|Any CPU
		{D03D6AB7-8239-4329-943B-0581B0A474B8}.Release|Any CPU.ActiveCfg = Release|Any CPU
		{D03D6AB7-8239-4329-943B-0581B0A474B8}.Release|Any CPU.Build.0 = Release|Any CPU
		{05DE9A85-7EF6-404F-BAAE-75944A4F2BCE}.Debug|Any CPU.ActiveCfg = Debug|Any CPU
		{05DE9A85-7EF6-404F-BAAE-75944A4F2BCE}.Debug|Any CPU.Build.0 = Debug|Any CPU
		{05DE9A85-7EF6-404F-BAAE-75944A4F2BCE}.Release|Any CPU.ActiveCfg = Release|Any CPU
		{05DE9A85-7EF6-404F-BAAE-75944A4F2BCE}.Release|Any CPU.Build.0 = Release|Any CPU
	EndGlobalSection
	GlobalSection(SolutionProperties) = preSolution
		HideSolutionNode = FALSE
	EndGlobalSection
EndGlobal
